github.com/davecgh/go-spew v1.1.1 h1:vj9j/u1bqnvCEfJOwUhtlOARqs3+rkHYY13jYWTU97c=
github.com/go-ping/ping v1.1.0 h1:3MCGhVX4fyEUuhsfwPrsEdQw6xspHkv5zHsiSoDFZYw=
github.com/go-ping/ping v1.1.0/go.mod h1:xIFjORFzTxqIV/tDVGO4eDy/bLuSyawEeojSm3GfRGk=
github.com/google/uuid v1.2.0 h1:qJYtXnJRWmpe7m/3XlyhrsLrEURqHRM2kxzoxXqyUDs=
github.com/google/uuid v1.2.0/go.mod h1:TIyPZe4MgqvfeYDBFedMoGGpEw/LqOeaOT+nhxU+yHo=
github.com/pmezard/go-difflib v1.0.0 h1:4DBwDE0NGyQoBHbLQYPwSUPoCMWR5BEzIk/f1lZbAQM=
github.com/prashantv/gostub v1.1.0 h1:BTyx3RfQjRHnUWaGF9oQos79AlQ5k8WNktv7VGvVH4g=
github.com/stretchr/testify v1.7.1 h1:5TQK59W5E3v0r2duFAb7P95B6hEeOyEnHRa8MjYSMTY=
go.uber.org/automaxprocs v1.5.2 h1:2LxUOGiR3O6tw8ui5sZa2LAaHnsviZdVOUZw4fvbnME=
go.uber.org/automaxprocs v1.5.2/go.mod h1:eRbA25aqJrxAbsLO0xy5jVwPt7FQnRgjW+efnwa1WM0=
golang.org/x/net v0.0.0-20210316092652-d523dce5a7f4/go.mod h1:RBQZq4jEuRlivfhVLdyRGr576XBO4/greRjx4P4O3yc=
golang.org/x/net v0.0.0-20210610124326-52da8fb2a613 h1:SqvqnUCcwFhyyRueFOEFTBaWeXYwK+CL/767809IlbQ=
golang.org/x/net v0.0.0-20210610124326-52da8fb2a613/go.mod h1:9nx3DQGgdP8bBQD5qxJ1jj9UTztislL4KSBs9R2vV5Y=
golang.org/x/sync v0.0.0-20210220032951-036812b2e83c h1:5KslGYwFpkhGh+Q16bwMP3cOontH8FOep7tGV86Y7SQ=
golang.org/x/sync v0.0.0-20210220032951-036812b2e83c/go.mod h1:RxMgew5VJxzue5/jJTE5uejpjVlOe/izrB70Jof72aM=
golang.org/x/sys v0.0.0-20201119102817-f84b799fce68/go.mod h1:h1NjWce9XRLGQEsW7wpKNCjG9DtNlClVuFLEZdDNbEs=
golang.org/x/sys v0.0.0-20210315160823-c6e025ad8005/go.mod h1:h1NjWce9XRLGQEsW7wpKNCjG9DtNlClVuFLEZdDNbEs=
golang.org/x/sys v0.0.0-20210423082822-04245dca01da h1:b3NXsE2LusjYGGjL5bxEVZZORm/YEFFrWFjR8eFrw/c=
golang.org/x/sys v0.0.0-20210423082822-04245dca01da/go.mod h1:h1NjWce9XRLGQEsW7wpKNCjG9DtNlClVuFLEZdDNbEs=
golang.org/x/term v0.0.0-20201126162022-7de9c90e9dd1/go.mod h1:bj7SfCRtBDWHUb9snDiAeCFNEtKQo2Wmx5Cou7ajbmo=
golang.org/x/text v0.3.3/go.mod h1:5Zoc/QRtKVWzQhOtBMvqHzDpF6irO9z98xDceosuGiQ=
golang.org/x/tools v0.0.0-20180917221912-90fa682c2a6e/go.mod h1:n7NCudcB/nEzxVGmLbDWY5pfWTLqBcC2KZ6jyYvM4mQ=
gopkg.in/yaml.v3 v3.0.1 h1:fxVm/GzAzEWqLHuvctI91KS9hhNmmWOoWu0XTYJS7CA=
